
Microsoft Visual Studio Solution File, Format Version 12.00
# Visual Studio 14
VisualStudioVersion = 14.0.24720.0
MinimumVisualStudioVersion = 10.0.40219.1
Project("{FAE04EC0-301F-11D3-BF4B-00C04F79EFBC}") = "mort8088.FTPUtility", "mort8088.FTPUtility\mort8088.FTPUtility.csproj", "{78A0D75B-B660-49B0-B588-BC6258DC6DEF}"
EndProject
Global
	GlobalSection(SolutionConfigurationPlatforms) = preSolution
		Debug|Any CPU = Debug|Any CPU
		Release|Any CPU = Release|Any CPU
	EndGlobalSection
	GlobalSection(ProjectConfigurationPlatforms) = postSolution
		{78A0D75B-B660-49B0-B588-BC6258DC6DEF}.Debug|Any CPU.ActiveCfg = Debug|Any CPU
		{78A0D75B-B660-49B0-B588-BC6258DC6DEF}.Debug|Any CPU.Build.0 = Debug|Any CPU
		{78A0D75B-B660-49B0-B588-BC6258DC6DEF}.Release|Any CPU.ActiveCfg = Release|Any CPU
		{78A0D75B-B660-49B0-B588-BC6258DC6DEF}.Release|Any CPU.Build.0 = Release|Any CPU
	EndGlobalSection
	GlobalSection(SolutionProperties) = preSolution
		HideSolutionNode = FALSE
	EndGlobalSection
EndGlobal
